# THIS IS AN AUTOGENERATED FILE. DO NOT EDIT THIS FILE DIRECTLY.
# yarn lockfile v1


"@allenfang/react-toastr@2.8.2":
  version "2.8.2"
  resolved "https://registry.yarnpkg.com/@allenfang/react-toastr/-/react-toastr-2.8.2.tgz#0bef6585189e0571dd6bdfc4ef98bc9f9c47da0c"
  dependencies:
    classnames "^2.2.5"
    element-class "^0.2.2"
    lodash "^4.16.1"
    react "^0.14.0 || <15.4.0"
    react-addons-update "^0.14.0 || <15.4.0"
    react-dom "^0.14.0 || <15.4.0"

"@types/es6-shim@^0.31.32":
  version "0.31.32"
  resolved "https://registry.yarnpkg.com/@types/es6-shim/-/es6-shim-0.31.32.tgz#8196c09e1e40ac977c713bf258090989f501d8ff"

"@types/history@*":
  version "2.0.41"
  resolved "https://registry.yarnpkg.com/@types/history/-/history-2.0.41.tgz#88faa58e931d1c676daca71369cbc3767737d8d3"

"@types/node@*", "@types/node@^6.0.52":
  version "6.0.52"
  resolved "https://registry.yarnpkg.com/@types/node/-/node-6.0.52.tgz#1ac3a99b42320f9e463482f25af4c2359473aaa6"

"@types/react-bootstrap-table@^2.3.33":
  version "2.3.33"
  resolved "https://registry.yarnpkg.com/@types/react-bootstrap-table/-/react-bootstrap-table-2.3.33.tgz#3e9b9fcbea5660ce2d85be7199172376c2e536dd"
  dependencies:
    "@types/node" "*"
    "@types/react" "*"

"@types/react-dom@^0.14.19":
  version "0.14.19"
  resolved "https://registry.yarnpkg.com/@types/react-dom/-/react-dom-0.14.19.tgz#698a14335e32fb1bc61db65f5647c9668a7fc2eb"
  dependencies:
    "@types/react" "*"

"@types/react-dropzone@^0.0.29":
  version "0.0.29"
  resolved "https://registry.yarnpkg.com/@types/react-dropzone/-/react-dropzone-0.0.29.tgz#8b47d44cdf746d5b135ae88044229ab5486c06c3"
  dependencies:
    "@types/react" "*"

"@types/react-modal@^1.3.6":
  version "1.3.6"
  resolved "https://registry.yarnpkg.com/@types/react-modal/-/react-modal-1.3.6.tgz#99fcdeaaf69549a76aee73f4ec20f9a5f97a04c2"
  dependencies:
    "@types/react" "*"

"@types/react-router@^2.0.41":
  version "2.0.41"
  resolved "https://registry.yarnpkg.com/@types/react-router/-/react-router-2.0.41.tgz#4c2510dfa2d85651af2126aed681c70dbe2f0303"
  dependencies:
    "@types/history" "*"
    "@types/react" "*"

"@types/react@*", "@types/react@^0.14.55":
  version "0.14.55"
  resolved "https://registry.yarnpkg.com/@types/react/-/react-0.14.55.tgz#f7f7a6ad0c94780531e95632435b2798c5dad11b"

"@types/showdown@^1.4.31":
  version "1.4.31"
  resolved "https://registry.yarnpkg.com/@types/showdown/-/showdown-1.4.31.tgz#91935e7b8415a0dc75784a1344ce500cd5db8203"

"@types/whatwg-fetch@^0.0.33":
  version "0.0.33"
  resolved "https://registry.yarnpkg.com/@types/whatwg-fetch/-/whatwg-fetch-0.0.33.tgz#19c0d2863c8cb2380f21a1c736b79cbf7895bb13"
  dependencies:
    "@types/whatwg-streams" "*"

"@types/whatwg-streams@*":
  version "0.0.2"
  resolved "https://registry.yarnpkg.com/@types/whatwg-streams/-/whatwg-streams-0.0.2.tgz#58eb11cf9ab33a2b55878d568ad7e9b933e67f7d"

ansi-regex@^2.0.0:
  version "2.0.0"
  resolved "https://registry.yarnpkg.com/ansi-regex/-/ansi-regex-2.0.0.tgz#c5061b6e0ef8a81775e50f5d66151bf6bf371107"

asap@~2.0.3:
  version "2.0.5"
  resolved "https://registry.yarnpkg.com/asap/-/asap-2.0.5.tgz#522765b50c3510490e52d7dcfe085ef9ba96958f"

attr-accept@^1.0.3:
  version "1.1.0"
  resolved "https://registry.yarnpkg.com/attr-accept/-/attr-accept-1.1.0.tgz#b5cd35227f163935a8f1de10ed3eba16941f6be6"

aws-sdk@^2.7.17:
  version "2.7.17"
  resolved "https://registry.yarnpkg.com/aws-sdk/-/aws-sdk-2.7.17.tgz#493dce8b0dcdf3a81eb824c21041c6b369c9f296"
  dependencies:
    buffer "4.9.1"
    crypto-browserify "1.0.9"
    jmespath "0.15.0"
    querystring "0.2.0"
    sax "1.1.5"
    url "0.10.3"
    uuid "3.0.0"
    xml2js "0.4.15"
    xmlbuilder "2.6.2"

base64-js@^1.0.2:
  version "1.2.0"
  resolved "https://registry.yarnpkg.com/base64-js/-/base64-js-1.2.0.tgz#a39992d723584811982be5e290bb6a53d86700f1"

buffer@4.9.1:
  version "4.9.1"
  resolved "https://registry.yarnpkg.com/buffer/-/buffer-4.9.1.tgz#6d1bb601b07a4efced97094132093027c95bc298"
  dependencies:
    base64-js "^1.0.2"
    ieee754 "^1.1.4"
    isarray "^1.0.0"

camelcase@^2.0.1:
  version "2.1.1"
  resolved "https://registry.yarnpkg.com/camelcase/-/camelcase-2.1.1.tgz#7c1d16d679a1bbe59ca02cacecfb011e201f5a1f"

classnames@^2.1.2, classnames@^2.2.5:
  version "2.2.5"
  resolved "https://registry.yarnpkg.com/classnames/-/classnames-2.2.5.tgz#fb3801d453467649ef3603c7d61a02bd129bde6d"

cliui@^3.0.3:
  version "3.2.0"
  resolved "https://registry.yarnpkg.com/cliui/-/cliui-3.2.0.tgz#120601537a916d29940f934da3b48d585a39213d"
  dependencies:
    string-width "^1.0.1"
    strip-ansi "^3.0.1"
    wrap-ansi "^2.0.0"

code-point-at@^1.0.0:
  version "1.1.0"
  resolved "https://registry.yarnpkg.com/code-point-at/-/code-point-at-1.1.0.tgz#0d070b4d043a5bea33a2f1a40e2edb3d9a4ccf77"

core-js@^1.0.0:
  version "1.2.7"
  resolved "https://registry.yarnpkg.com/core-js/-/core-js-1.2.7.tgz#652294c14651db28fa93bd2d5ff2983a4f08c636"

core-js@^2.4.1:
  version "2.4.1"
  resolved "https://registry.yarnpkg.com/core-js/-/core-js-2.4.1.tgz#4de911e667b0eae9124e34254b53aea6fc618d3e"

crypto-browserify@1.0.9:
  version "1.0.9"
  resolved "https://registry.yarnpkg.com/crypto-browserify/-/crypto-browserify-1.0.9.tgz#cc5449685dfb85eb11c9828acc7cb87ab5bbfcc0"

decamelize@^1.1.1:
  version "1.2.0"
  resolved "https://registry.yarnpkg.com/decamelize/-/decamelize-1.2.0.tgz#f6534d15148269b20352e7bee26f501f9a191290"

deep-equal@^1.0.0:
  version "1.0.1"
  resolved "https://registry.yarnpkg.com/deep-equal/-/deep-equal-1.0.1.tgz#f5d260292b660e084eff4cdbc9f08ad3247448b5"

element-class@^0.2.0, element-class@^0.2.2:
  version "0.2.2"
  resolved "https://registry.yarnpkg.com/element-class/-/element-class-0.2.2.tgz#9d3bbd0767f9013ef8e1c8ebe722c1402a60050e"

encoding@^0.1.11:
  version "0.1.12"
  resolved "https://registry.yarnpkg.com/encoding/-/encoding-0.1.12.tgz#538b66f3ee62cd1ab51ec323829d1f9480c74beb"
  dependencies:
    iconv-lite "~0.4.13"

exenv@1.2.0:
  version "1.2.0"
  resolved "https://registry.yarnpkg.com/exenv/-/exenv-1.2.0.tgz#3835f127abf075bfe082d0aed4484057c78e3c89"

fbjs@^0.8.1, fbjs@^0.8.4:
  version "0.8.8"
  resolved "https://registry.yarnpkg.com/fbjs/-/fbjs-0.8.8.tgz#02f1b6e0ea0d46c24e0b51a2d24df069563a5ad6"
  dependencies:
    core-js "^1.0.0"
    isomorphic-fetch "^2.1.1"
    loose-envify "^1.0.0"
    object-assign "^4.1.0"
    promise "^7.1.1"
    setimmediate "^1.0.5"
    ua-parser-js "^0.7.9"

history@^2.1.2:
  version "2.1.2"
  resolved "https://registry.yarnpkg.com/history/-/history-2.1.2.tgz#4aa2de897a0e4867e4539843be6ecdb2986bfdec"
  dependencies:
    deep-equal "^1.0.0"
    invariant "^2.0.0"
    query-string "^3.0.0"
    warning "^2.0.0"

hoist-non-react-statics@^1.2.0:
  version "1.2.0"
  resolved "https://registry.yarnpkg.com/hoist-non-react-statics/-/hoist-non-react-statics-1.2.0.tgz#aa448cf0986d55cc40773b17174b7dd066cb7cfb"

iconv-lite@~0.4.13:
  version "0.4.15"
  resolved "https://registry.yarnpkg.com/iconv-lite/-/iconv-lite-0.4.15.tgz#fe265a218ac6a57cfe854927e9d04c19825eddeb"

ieee754@^1.1.4:
  version "1.1.8"
  resolved "https://registry.yarnpkg.com/ieee754/-/ieee754-1.1.8.tgz#be33d40ac10ef1926701f6f08a2d86fbfd1ad3e4"

invariant@^2.0.0, invariant@^2.2.1:
  version "2.2.2"
  resolved "https://registry.yarnpkg.com/invariant/-/invariant-2.2.2.tgz#9e1f56ac0acdb6bf303306f338be3b204ae60360"
  dependencies:
    loose-envify "^1.0.0"

invert-kv@^1.0.0:
  version "1.0.0"
  resolved "https://registry.yarnpkg.com/invert-kv/-/invert-kv-1.0.0.tgz#104a8e4aaca6d3d8cd157a8ef8bfab2d7a3ffdb6"

is-fullwidth-code-point@^1.0.0:
  version "1.0.0"
  resolved "https://registry.yarnpkg.com/is-fullwidth-code-point/-/is-fullwidth-code-point-1.0.0.tgz#ef9e31386f031a7f0d643af82fde50c457ef00cb"
  dependencies:
    number-is-nan "^1.0.0"

is-stream@^1.0.1:
  version "1.1.0"
  resolved "https://registry.yarnpkg.com/is-stream/-/is-stream-1.1.0.tgz#12d4a3dd4e68e0b79ceb8dbc84173ae80d91ca44"

isarray@^1.0.0:
  version "1.0.0"
  resolved "https://registry.yarnpkg.com/isarray/-/isarray-1.0.0.tgz#bb935d48582cba168c06834957a54a3e07124f11"

isomorphic-fetch@^2.1.1:
  version "2.2.1"
  resolved "https://registry.yarnpkg.com/isomorphic-fetch/-/isomorphic-fetch-2.2.1.tgz#611ae1acf14f5e81f729507472819fe9733558a9"
  dependencies:
    node-fetch "^1.0.1"
    whatwg-fetch ">=0.10.0"

jmespath@0.15.0:
  version "0.15.0"
  resolved "https://registry.yarnpkg.com/jmespath/-/jmespath-0.15.0.tgz#a3f222a9aae9f966f5d27c796510e28091764217"

js-tokens@^2.0.0:
  version "2.0.0"
  resolved "https://registry.yarnpkg.com/js-tokens/-/js-tokens-2.0.0.tgz#79903f5563ee778cc1162e6dcf1a0027c97f9cb5"

lcid@^1.0.0:
  version "1.0.0"
  resolved "https://registry.yarnpkg.com/lcid/-/lcid-1.0.0.tgz#308accafa0bc483a3867b4b6f2b9506251d1b835"
  dependencies:
    invert-kv "^1.0.0"

lodash.assign@^4.2.0:
  version "4.2.0"
  resolved "https://registry.yarnpkg.com/lodash.assign/-/lodash.assign-4.2.0.tgz#0d99f3ccd7a6d261d19bdaeb9245005d285808e7"

lodash@^4.16.1:
  version "4.17.2"
  resolved "https://registry.yarnpkg.com/lodash/-/lodash-4.17.2.tgz#34a3055babe04ce42467b607d700072c7ff6bf42"

lodash@~3.5.0:
  version "3.5.0"
  resolved "https://registry.yarnpkg.com/lodash/-/lodash-3.5.0.tgz#19bb3f4d51278f0b8c818ed145c74ecf9fe40e6d"

loose-envify@^1.0.0, loose-envify@^1.1.0, loose-envify@^1.2.0:
  version "1.3.0"
  resolved "https://registry.yarnpkg.com/loose-envify/-/loose-envify-1.3.0.tgz#6b26248c42f6d4fa4b0d8542f78edfcde35642a8"
  dependencies:
    js-tokens "^2.0.0"

node-fetch@^1.0.1:
  version "1.6.3"
  resolved "https://registry.yarnpkg.com/node-fetch/-/node-fetch-1.6.3.tgz#dc234edd6489982d58e8f0db4f695029abcd8c04"
  dependencies:
    encoding "^0.1.11"
    is-stream "^1.0.1"

number-is-nan@^1.0.0:
  version "1.0.1"
  resolved "https://registry.yarnpkg.com/number-is-nan/-/number-is-nan-1.0.1.tgz#097b602b53422a522c1afb8790318336941a011d"

object-assign@^4.1.0:
  version "4.1.0"
  resolved "https://registry.yarnpkg.com/object-assign/-/object-assign-4.1.0.tgz#7a3b3d0e98063d43f4c03f2e8ae6cd51a86883a0"

os-locale@^1.4.0:
  version "1.4.0"
  resolved "https://registry.yarnpkg.com/os-locale/-/os-locale-1.4.0.tgz#20f9f17ae29ed345e8bde583b13d2009803c14d9"
  dependencies:
    lcid "^1.0.0"

promise@^7.1.1:
  version "7.1.1"
  resolved "https://registry.yarnpkg.com/promise/-/promise-7.1.1.tgz#489654c692616b8aa55b0724fa809bb7db49c5bf"
  dependencies:
    asap "~2.0.3"

punycode@1.3.2:
  version "1.3.2"
  resolved "https://registry.yarnpkg.com/punycode/-/punycode-1.3.2.tgz#9653a036fb7c1ee42342f2325cceefea3926c48d"

query-string@^3.0.0:
  version "3.0.3"
  resolved "https://registry.yarnpkg.com/query-string/-/query-string-3.0.3.tgz#ae2e14b4d05071d4e9b9eb4873c35b0dcd42e638"
  dependencies:
    strict-uri-encode "^1.0.0"

querystring@0.2.0:
  version "0.2.0"
  resolved "https://registry.yarnpkg.com/querystring/-/querystring-0.2.0.tgz#b209849203bb25df820da756e747005878521620"

"react-addons-update@^0.14.0 || <15.4.0":
  version "15.3.2"
  resolved "https://registry.yarnpkg.com/react-addons-update/-/react-addons-update-15.3.2.tgz#b6385c4db1e5df371825e0615b04360ed94430fe"

react-bootstrap-table@^2.7.1:
  version "2.7.1"
  resolved "https://registry.yarnpkg.com/react-bootstrap-table/-/react-bootstrap-table-2.7.1.tgz#72d0de5f88bd2ccb600d58b649d75c032441115e"
  dependencies:
    "@allenfang/react-toastr" "2.8.2"
    classnames "^2.1.2"

"react-dom@^0.14.0 || <15.4.0":
  version "15.3.2"
  resolved "https://registry.yarnpkg.com/react-dom/-/react-dom-15.3.2.tgz#c46b0aa5380d7b838e7a59c4a7beff2ed315531f"

react-dom@^15.4.1:
  version "15.4.1"
  resolved "https://registry.yarnpkg.com/react-dom/-/react-dom-15.4.1.tgz#d54c913261aaedb17adc20410d029dcc18a1344a"
  dependencies:
    fbjs "^0.8.1"
    loose-envify "^1.1.0"
    object-assign "^4.1.0"

react-dropzone@^3.7.3:
  version "3.7.3"
  resolved "https://registry.yarnpkg.com/react-dropzone/-/react-dropzone-3.7.3.tgz#7852b6652a43afc7fa072021f3369123ea4a61e0"
  dependencies:
    attr-accept "^1.0.3"

react-modal@^1.6.1:
  version "1.6.4"
  resolved "https://registry.yarnpkg.com/react-modal/-/react-modal-1.6.4.tgz#639383931cbaae7946a92de9d5a7c05a4a1cab82"
  dependencies:
    element-class "^0.2.0"
    exenv "1.2.0"
    lodash.assign "^4.2.0"

react-router@^2.7.0:
  version "2.8.1"
  resolved "https://registry.yarnpkg.com/react-router/-/react-router-2.8.1.tgz#73e9491f6ceb316d0f779829081863e378ee4ed7"
  dependencies:
    history "^2.1.2"
    hoist-non-react-statics "^1.2.0"
    invariant "^2.2.1"
    loose-envify "^1.2.0"
    warning "^3.0.0"

"react@^0.14.0 || <15.4.0":
  version "15.3.2"
  resolved "https://registry.yarnpkg.com/react/-/react-15.3.2.tgz#a7bccd2fee8af126b0317e222c28d1d54528d09e"
  dependencies:
    fbjs "^0.8.4"
    loose-envify "^1.1.0"
    object-assign "^4.1.0"

react@^15.4.1:
  version "15.4.1"
  resolved "https://registry.yarnpkg.com/react/-/react-15.4.1.tgz#498e918602677a3983cd0fd206dfe700389a0dd6"
  dependencies:
    fbjs "^0.8.4"
    loose-envify "^1.1.0"
    object-assign "^4.1.0"

sax@1.1.5, sax@>=0.6.0:
  version "1.1.5"
  resolved "https://registry.yarnpkg.com/sax/-/sax-1.1.5.tgz#1da50a8d00cdecd59405659f5ff85349fe773743"

setimmediate@^1.0.5:
  version "1.0.5"
  resolved "https://registry.yarnpkg.com/setimmediate/-/setimmediate-1.0.5.tgz#290cbb232e306942d7d7ea9b83732ab7856f8285"

showdown@^1.5.1:
  version "1.5.3"
  resolved "https://registry.yarnpkg.com/showdown/-/showdown-1.5.3.tgz#79eb3b6e7046a8cb2b3889dbaa6fc7190af07fd0"
  dependencies:
    yargs "^3.15.0"

strict-uri-encode@^1.0.0:
  version "1.1.0"
  resolved "https://registry.yarnpkg.com/strict-uri-encode/-/strict-uri-encode-1.1.0.tgz#279b225df1d582b1f54e65addd4352e18faa0713"

string-width@^1.0.1:
  version "1.0.2"
  resolved "https://registry.yarnpkg.com/string-width/-/string-width-1.0.2.tgz#118bdf5b8cdc51a2a7e70d211e07e2b0b9b107d3"
  dependencies:
    code-point-at "^1.0.0"
    is-fullwidth-code-point "^1.0.0"
    strip-ansi "^3.0.0"

strip-ansi@^3.0.0, strip-ansi@^3.0.1:
  version "3.0.1"
  resolved "https://registry.yarnpkg.com/strip-ansi/-/strip-ansi-3.0.1.tgz#6a385fb8853d952d5ff05d0e8aaf94278dc63dcf"
  dependencies:
    ansi-regex "^2.0.0"

typescript@^2.1.4:
  version "2.1.4"
  resolved "https://registry.yarnpkg.com/typescript/-/typescript-2.1.4.tgz#b53b69fb841126acb1dd4b397d21daba87572251"

ua-parser-js@^0.7.9:
  version "0.7.12"
  resolved "https://registry.yarnpkg.com/ua-parser-js/-/ua-parser-js-0.7.12.tgz#04c81a99bdd5dc52263ea29d24c6bf8d4818a4bb"

url@0.10.3:
  version "0.10.3"
  resolved "https://registry.yarnpkg.com/url/-/url-0.10.3.tgz#021e4d9c7705f21bbf37d03ceb58767402774c64"
  dependencies:
    punycode "1.3.2"
    querystring "0.2.0"

uuid@3.0.0:
  version "3.0.0"
  resolved "https://registry.yarnpkg.com/uuid/-/uuid-3.0.0.tgz#6728fc0459c450d796a99c31837569bdf672d728"

warning@^2.0.0:
  version "2.1.0"
  resolved "https://registry.yarnpkg.com/warning/-/warning-2.1.0.tgz#21220d9c63afc77a8c92111e011af705ce0c6901"
  dependencies:
    loose-envify "^1.0.0"

warning@^3.0.0:
  version "3.0.0"
  resolved "https://registry.yarnpkg.com/warning/-/warning-3.0.0.tgz#32e5377cb572de4ab04753bdf8821c01ed605b7c"
  dependencies:
    loose-envify "^1.0.0"

whatwg-fetch@>=0.10.0, whatwg-fetch@^2.0.1:
  version "2.0.1"
  resolved "https://registry.yarnpkg.com/whatwg-fetch/-/whatwg-fetch-2.0.1.tgz#078b9461bbe91cea73cbce8bb122a05f9e92b772"

window-size@^0.1.4:
  version "0.1.4"
  resolved "https://registry.yarnpkg.com/window-size/-/window-size-0.1.4.tgz#f8e1aa1ee5a53ec5bf151ffa09742a6ad7697876"

wrap-ansi@^2.0.0:
  version "2.1.0"
  resolved "https://registry.yarnpkg.com/wrap-ansi/-/wrap-ansi-2.1.0.tgz#d8fc3d284dd05794fe84973caecdd1cf824fdd85"
  dependencies:
    string-width "^1.0.1"
    strip-ansi "^3.0.1"

xml2js@0.4.15:
  version "0.4.15"
  resolved "https://registry.yarnpkg.com/xml2js/-/xml2js-0.4.15.tgz#95cd03ff2dd144ec28bc6273bf2b2890c581ad0c"
  dependencies:
    sax ">=0.6.0"
    xmlbuilder ">=2.4.6"

xmlbuilder@2.6.2, xmlbuilder@>=2.4.6:
  version "2.6.2"
  resolved "https://registry.yarnpkg.com/xmlbuilder/-/xmlbuilder-2.6.2.tgz#f916f6d10d45dc171b1be2e6e673fb6e0cc35d0a"
  dependencies:
    lodash "~3.5.0"

y18n@^3.2.0:
  version "3.2.1"
  resolved "https://registry.yarnpkg.com/y18n/-/y18n-3.2.1.tgz#6d15fba884c08679c0d77e88e7759e811e07fa41"

yargs@^3.15.0:
  version "3.32.0"
  resolved "https://registry.yarnpkg.com/yargs/-/yargs-3.32.0.tgz#03088e9ebf9e756b69751611d2a5ef591482c995"
  dependencies:
    camelcase "^2.0.1"
    cliui "^3.0.3"
    decamelize "^1.1.1"
    os-locale "^1.4.0"
    string-width "^1.0.1"
    window-size "^0.1.4"
    y18n "^3.2.0"
